
Microsoft Visual Studio Solution File, Format Version 12.00
# Visual Studio Version 17
VisualStudioVersion = 17.11.35219.272
MinimumVisualStudioVersion = 10.0.40219.1
Project("{FAE04EC0-301F-11D3-BF4B-00C04F79EFBC}") = "FiapHelloWorld", "FiapHelloWorld\FiapHelloWorld.csproj", "{8F9FD630-571D-4F01-A5F2-BF2C920740BC}"
EndProject
Global
	GlobalSection(SolutionConfigurationPlatforms) = preSolution
		Debug|Any CPU = Debug|Any CPU
		Release|Any CPU = Release|Any CPU
	EndGlobalSection
	GlobalSection(ProjectConfigurationPlatforms) = postSolution
		{8F9FD630-571D-4F01-A5F2-BF2C920740BC}.Debug|Any CPU.ActiveCfg = Debug|Any CPU
		{8F9FD630-571D-4F01-A5F2-BF2C920740BC}.Debug|Any CPU.Build.0 = Debug|Any CPU
		{8F9FD630-571D-4F01-A5F2-BF2C920740BC}.Release|Any CPU.ActiveCfg = Release|Any CPU
		{8F9FD630-571D-4F01-A5F2-BF2C920740BC}.Release|Any CPU.Build.0 = Release|Any CPU
	EndGlobalSection
	GlobalSection(SolutionProperties) = preSolution
		HideSolutionNode = FALSE
	EndGlobalSection
	GlobalSection(ExtensibilityGlobals) = postSolution
		SolutionGuid = {7A72B70A-BEDE-48C5-84B7-1AF4BB80F8D0}
	EndGlobalSection
EndGlobal
